
Microsoft Visual Studio Solution File, Format Version 12.00
# Visual Studio Version 17
VisualStudioVersion = 17.9.34723.18
MinimumVisualStudioVersion = 10.0.40219.1
Project("{FAE04EC0-301F-11D3-BF4B-00C04F79EFBC}") = "InformationSecurity", "InformationSecurity.csproj", "{3EB16B50-4F38-4EA1-AE16-336DC3ED4B95}"
EndProject
Global
	GlobalSection(SolutionConfigurationPlatforms) = preSolution
		Debug|Any CPU = Debug|Any CPU
		Release|Any CPU = Release|Any CPU
	EndGlobalSection
	GlobalSection(ProjectConfigurationPlatforms) = postSolution
		{3EB16B50-4F38-4EA1-AE16-336DC3ED4B95}.Debug|Any CPU.ActiveCfg = Debug|Any CPU
		{3EB16B50-4F38-4EA1-AE16-336DC3ED4B95}.Debug|Any CPU.Build.0 = Debug|Any CPU
		{3EB16B50-4F38-4EA1-AE16-336DC3ED4B95}.Release|Any CPU.ActiveCfg = Release|Any CPU
		{3EB16B50-4F38-4EA1-AE16-336DC3ED4B95}.Release|Any CPU.Build.0 = Release|Any CPU
	EndGlobalSection
	GlobalSection(SolutionProperties) = preSolution
		HideSolutionNode = FALSE
	EndGlobalSection
	GlobalSection(ExtensibilityGlobals) = postSolution
		SolutionGuid = {E65C6130-A965-455F-B1F1-8F1990B041CD}
	EndGlobalSection
EndGlobal
